{
  "name": "gamedata-parser",
  "version": "0.6.0",
  "lockfileVersion": 3,
  "requires": true,
  "packages": {
    "": {
      "name": "gamedata-parser",
      "version": "0.6.0",
      "license": "MIT",
      "devDependencies": {
        "@types/node": "^18.18.1",
        "typescript": "^5.2.2"
      }
    },
    "node_modules/@types/node": {
      "version": "18.18.1",
      "resolved": "https://registry.npmjs.org/@types/node/-/node-18.18.1.tgz",
      "integrity": "sha512-3G42sxmm0fF2+Vtb9TJQpnjmP+uKlWvFa8KoEGquh4gqRmoUG/N0ufuhikw6HEsdG2G2oIKhog1GCTfz9v5NdQ==",
      "dev": true
    },
    "node_modules/typescript": {
      "version": "5.2.2",
      "resolved": "https://registry.npmjs.org/typescript/-/typescript-5.2.2.tgz",
      "integrity": "sha512-mI4WrpHsbCIcwT9cF4FZvr80QUeKvsUsUvKDoR+X/7XHQH98xYD8YHZg7ANtz2GtZt/CBq2QJ0thkGJMHfqc1w==",
      "dev": true,
      "bin": {
        "tsc": "bin/tsc",
        "tsserver": "bin/tsserver"
      },
      "engines": {
        "node": ">=14.17"
      }
    }
  }
}
